PODS:
  - accessing_security_scoped_resource (0.0.1):
    - Flutter
    - FlutterMacOS
  - dynamic_color (0.0.2):
    - FlutterMacOS
  - file_selector_macos (0.0.1):
    - FlutterMacOS
  - FlutterMacOS (1.0.0)
  - macos_file_picker (0.0.1):
    - FlutterMacOS
  - mobile_scanner (7.0.0):
    - Flutter
    - FlutterMacOS
  - path_provider_foundation (0.0.1):
    - Flutter
    - FlutterMacOS

DEPENDENCIES:
  - accessing_security_scoped_resource (from `Flutter/ephemeral/.symlinks/plugins/accessing_security_scoped_resource/darwin`)
  - dynamic_color (from `Flutter/ephemeral/.symlinks/plugins/dynamic_color/macos`)
  - file_selector_macos (from `Flutter/ephemeral/.symlinks/plugins/file_selector_macos/macos`)
  - FlutterMacOS (from `Flutter/ephemeral`)
  - macos_file_picker (from `Flutter/ephemeral/.symlinks/plugins/macos_file_picker/macos`)
  - mobile_scanner (from `Flutter/ephemeral/.symlinks/plugins/mobile_scanner/darwin`)
  - path_provider_foundation (from `Flutter/ephemeral/.symlinks/plugins/path_provider_foundation/darwin`)

EXTERNAL SOURCES:
  accessing_security_scoped_resource:
    :path: Flutter/ephemeral/.symlinks/plugins/accessing_security_scoped_resource/darwin
  dynamic_color:
    :path: Flutter/ephemeral/.symlinks/plugins/dynamic_color/macos
  file_selector_macos:
    :path: Flutter/ephemeral/.symlinks/plugins/file_selector_macos/macos
  FlutterMacOS:
    :path: Flutter/ephemeral
  macos_file_picker:
    :path: Flutter/ephemeral/.symlinks/plugins/macos_file_picker/macos
  mobile_scanner:
    :path: Flutter/ephemeral/.symlinks/plugins/mobile_scanner/darwin
  path_provider_foundation:
    :path: Flutter/ephemeral/.symlinks/plugins/path_provider_foundation/darwin

SPEC CHECKSUMS:
  accessing_security_scoped_resource: 3a05a5065d3be96d3369f719c522e626f16d173c
  dynamic_color: 5fdff3953fb3457311091863f72914fc76ea3209
  file_selector_macos: cc3858c981fe6889f364731200d6232dac1d812d
  FlutterMacOS: d0db08ddef1a9af05a5ec4b724367152bb0500b1
  macos_file_picker: 5caffd98b04c0d9b378c27bbc487f91c21b0cdf8
  mobile_scanner: 77265f3dc8d580810e91849d4a0811a90467ed5e
  path_provider_foundation: 2b6b4c569c0fb62ec74538f866245ac84301af46

PODFILE CHECKSUM: 346bfb2deb41d4a6ebd6f6799f92188bde2d246f

COCOAPODS: 1.16.2
